
Microsoft Visual Studio Solution File, Format Version 12.00
# Visual Studio 15
Project("{FAE04EC0-301F-11D3-BF4B-00C04F79EFBC}") = "Draw_Demo", "Assembly-CSharp.csproj", "{3F749B1D-11E4-0E22-C3D3-B2F852DDD553}"
EndProject
Project("{FAE04EC0-301F-11D3-BF4B-00C04F79EFBC}") = "Draw_Demo", "Assembly-CSharp-firstpass.csproj", "{3B4B1D2A-FA8C-67B1-F599-8CEDD924FA7C}"
EndProject
Project("{FAE04EC0-301F-11D3-BF4B-00C04F79EFBC}") = "Draw_Demo", "Assembly-CSharp-Editor-firstpass.csproj", "{206C2CBC-9E6E-992C-8EB6-A4D46D1C574A}"
EndProject
Global
	GlobalSection(SolutionConfigurationPlatforms) = preSolution
		Debug|Any CPU = Debug|Any CPU
		Release|Any CPU = Release|Any CPU
	EndGlobalSection
	GlobalSection(ProjectConfigurationPlatforms) = postSolution
		{3F749B1D-11E4-0E22-C3D3-B2F852DDD553}.Debug|Any CPU.ActiveCfg = Debug|Any CPU
		{3F749B1D-11E4-0E22-C3D3-B2F852DDD553}.Debug|Any CPU.Build.0 = Debug|Any CPU
		{3F749B1D-11E4-0E22-C3D3-B2F852DDD553}.Release|Any CPU.ActiveCfg = Release|Any CPU
		{3F749B1D-11E4-0E22-C3D3-B2F852DDD553}.Release|Any CPU.Build.0 = Release|Any CPU
		{3B4B1D2A-FA8C-67B1-F599-8CEDD924FA7C}.Debug|Any CPU.ActiveCfg = Debug|Any CPU
		{3B4B1D2A-FA8C-67B1-F599-8CEDD924FA7C}.Debug|Any CPU.Build.0 = Debug|Any CPU
		{3B4B1D2A-FA8C-67B1-F599-8CEDD924FA7C}.Release|Any CPU.ActiveCfg = Release|Any CPU
		{3B4B1D2A-FA8C-67B1-F599-8CEDD924FA7C}.Release|Any CPU.Build.0 = Release|Any CPU
		{206C2CBC-9E6E-992C-8EB6-A4D46D1C574A}.Debug|Any CPU.ActiveCfg = Debug|Any CPU
		{206C2CBC-9E6E-992C-8EB6-A4D46D1C574A}.Debug|Any CPU.Build.0 = Debug|Any CPU
		{206C2CBC-9E6E-992C-8EB6-A4D46D1C574A}.Release|Any CPU.ActiveCfg = Release|Any CPU
		{206C2CBC-9E6E-992C-8EB6-A4D46D1C574A}.Release|Any CPU.Build.0 = Release|Any CPU
	EndGlobalSection
	GlobalSection(SolutionProperties) = preSolution
		HideSolutionNode = FALSE
	EndGlobalSection
EndGlobal
